
Microsoft Visual Studio Solution File, Format Version 12.00
# Visual Studio Version 18
VisualStudioVersion = 18.0.11205.157 d18.0
MinimumVisualStudioVersion = 10.0.40219.1
Project("{FAE04EC0-301F-11D3-BF4B-00C04F79EFBC}") = "API", "API\API.csproj", "{AE5BEC3C-4B71-4C57-88C1-B427ECAF27D0}"
EndProject
Project("{FAE04EC0-301F-11D3-BF4B-00C04F79EFBC}") = "Tests", "Tests\Tests.csproj", "{30CEC95F-8845-41C0-BD58-8D22FDDC0DF6}"
EndProject
Global
	GlobalSection(SolutionConfigurationPlatforms) = preSolution
		Debug|Any CPU = Debug|Any CPU
		Release|Any CPU = Release|Any CPU
	EndGlobalSection
	GlobalSection(ProjectConfigurationPlatforms) = postSolution
		{AE5BEC3C-4B71-4C57-88C1-B427ECAF27D0}.Debug|Any CPU.ActiveCfg = Debug|Any CPU
		{AE5BEC3C-4B71-4C57-88C1-B427ECAF27D0}.Debug|Any CPU.Build.0 = Debug|Any CPU
		{AE5BEC3C-4B71-4C57-88C1-B427ECAF27D0}.Release|Any CPU.ActiveCfg = Release|Any CPU
		{AE5BEC3C-4B71-4C57-88C1-B427ECAF27D0}.Release|Any CPU.Build.0 = Release|Any CPU
		{30CEC95F-8845-41C0-BD58-8D22FDDC0DF6}.Debug|Any CPU.ActiveCfg = Debug|Any CPU
		{30CEC95F-8845-41C0-BD58-8D22FDDC0DF6}.Debug|Any CPU.Build.0 = Debug|Any CPU
		{30CEC95F-8845-41C0-BD58-8D22FDDC0DF6}.Release|Any CPU.ActiveCfg = Release|Any CPU
		{30CEC95F-8845-41C0-BD58-8D22FDDC0DF6}.Release|Any CPU.Build.0 = Release|Any CPU
	EndGlobalSection
	GlobalSection(SolutionProperties) = preSolution
		HideSolutionNode = FALSE
	EndGlobalSection
	GlobalSection(ExtensibilityGlobals) = postSolution
		SolutionGuid = {CF20FEF2-0C1A-41F8-A7A3-20463C206F03}
	EndGlobalSection
EndGlobal
